{
  "pins" : [
    {
      "identity" : "appsflyerframework",
      "kind" : "remoteSourceControl",
      "location" : "https://github.com/AppsFlyerSDK/AppsFlyerFramework.git",
      "state" : {
        "revision" : "580fc1b67a1f797a625eb981bc8c5a6a632bbe59",
        "version" : "6.12.3"
      }
    },
    {
      "identity" : "facebook-ios-sdk",
      "kind" : "remoteSourceControl",
      "location" : "https://github.com/facebook/facebook-ios-sdk.git",
      "state" : {
        "revision" : "3fe31c168903759de1c5752d12856c5c437c6862",
        "version" : "16.3.1"
      }
    },
    {
      "identity" : "lottie-ios",
      "kind" : "remoteSourceControl",
      "location" : "https://github.com/airbnb/lottie-ios",
      "state" : {
        "revision" : "f522990668c2f9132323a2e68d924c7dcb9130b4",
        "version" : "4.4.0"
      }
    },
    {
      "identity" : "onesignal-ios-sdk",
      "kind" : "remoteSourceControl",
      "location" : "https://github.com/OneSignal/OneSignal-iOS-SDK",
      "state" : {
        "branch" : "main",
        "revision" : "8f47b6fca513ac848634c31052080ae2f3d9e915"
      }
    }
  ],
  "version" : 2
}
