{
  "pins" : [
    {
      "identity" : "appsflyerframework",
      "kind" : "remoteSourceControl",
      "location" : "https://github.com/AppsFlyerSDK/AppsFlyerFramework.git",
      "state" : {
        "revision" : "8de517bea1ee8d0b5a80d3118ba3cdd3a555d94e",
        "version" : "6.13.0"
      }
    },
    {
      "identity" : "facebook-ios-sdk",
      "kind" : "remoteSourceControl",
      "location" : "https://github.com/facebook/facebook-ios-sdk.git",
      "state" : {
        "branch" : "main",
        "revision" : "3183c7eca8d71815818cf94948dc66352a89f20e"
      }
    },
    {
      "identity" : "onesignal-ios-sdk",
      "kind" : "remoteSourceControl",
      "location" : "https://github.com/OneSignal/OneSignal-iOS-SDK",
      "state" : {
        "branch" : "main",
        "revision" : "8f47b6fca513ac848634c31052080ae2f3d9e915"
      }
    }
  ],
  "version" : 2
}
